github.com/hbstack/content-panel v0.2.1 h1:gJrYTs3ZBoFtr8Nz3n0qBgYVw2p85ckHliMgSEy+Tw0=
github.com/hbstack/content-panel v0.2.1/go.mod h1:uziMPdakxW3G06PtvzB7peAI4h4ALWHP3xSbyHFWx+k=
github.com/razonyang/hugo-theme-bootstrap v1.0.0-beta5.4 h1:FWzPMWBz5uPH2ZlPE2Gu1QMpC+iEYPIVlcFleabBA+4=
github.com/razonyang/hugo-theme-bootstrap v1.0.0-beta5.4/go.mod h1:o+IIPL/5wreiTojnN4MsQqKuxbv3fWAQnMhG9geltQo=
github.com/razonyang/hugo-theme-bootstrap v1.0.0 h1:RYKYml1sy/VF5na78oa0ph0wUQutmhx5MLd8l6igYps=
github.com/razonyang/hugo-theme-bootstrap v1.0.0/go.mod h1:o+IIPL/5wreiTojnN4MsQqKuxbv3fWAQnMhG9geltQo=
